<?xml version="1.0" encoding="utf-8"?>
<Project ToolsVersion="4.0" xmlns="http://schemas.microsoft.com/developer/msbuild/2003">
  <ItemGroup>
    <ClInclude Include="IUnityInterface.h" />
    <ClInclude Include="IAuraDevice.h" />
    <ClInclude Include="AuraDevice.h" />
    <ClInclude Include="debug.h" />
    <ClInclude Include="runtime_error.h" />
  </ItemGroup>
  <ItemGroup>
    <ClCompile Include="entrypoint.cpp" />
    <ClCompile Include="AuraDevice.cpp" />
    <ClCompile Include="debug.cpp" />
    <ClCompile Include="runtime_error.cpp" />
  </ItemGroup>
</Project>